
Microsoft Visual Studio Solution File, Format Version 12.00
# Visual Studio Version 17
VisualStudioVersion = 17.5.2.0
MinimumVisualStudioVersion = 10.0.40219.1
Project("{FAE04EC0-301F-11D3-BF4B-00C04F79EFBC}") = "DigimonDB", "DigimonDB\DigimonDB.csproj", "{A26E01D9-F987-AAE7-D5B8-24483043ABDC}"
EndProject
Project("{FAE04EC0-301F-11D3-BF4B-00C04F79EFBC}") = "DigimonDB.Core", "DigimonDB.Core\DigimonDB.Core.csproj", "{8F8267D4-C088-4DC1-87EE-532EF210C75D}"
EndProject
Project("{FAE04EC0-301F-11D3-BF4B-00C04F79EFBC}") = "DigimonDB.App", "DigimonDB.App\DigimonDB.App.csproj", "{87DC8451-B1C1-47AF-84B6-2548435C6656}"
EndProject
Global
	GlobalSection(SolutionConfigurationPlatforms) = preSolution
		Debug|Any CPU = Debug|Any CPU
		Debug|x64 = Debug|x64
		Debug|x86 = Debug|x86
		Release|Any CPU = Release|Any CPU
		Release|x64 = Release|x64
		Release|x86 = Release|x86
	EndGlobalSection
	GlobalSection(ProjectConfigurationPlatforms) = postSolution
		{A26E01D9-F987-AAE7-D5B8-24483043ABDC}.Debug|Any CPU.ActiveCfg = Debug|Any CPU
		{A26E01D9-F987-AAE7-D5B8-24483043ABDC}.Debug|Any CPU.Build.0 = Debug|Any CPU
		{A26E01D9-F987-AAE7-D5B8-24483043ABDC}.Debug|x64.ActiveCfg = Debug|Any CPU
		{A26E01D9-F987-AAE7-D5B8-24483043ABDC}.Debug|x64.Build.0 = Debug|Any CPU
		{A26E01D9-F987-AAE7-D5B8-24483043ABDC}.Debug|x86.ActiveCfg = Debug|Any CPU
		{A26E01D9-F987-AAE7-D5B8-24483043ABDC}.Debug|x86.Build.0 = Debug|Any CPU
		{A26E01D9-F987-AAE7-D5B8-24483043ABDC}.Release|Any CPU.ActiveCfg = Release|Any CPU
		{A26E01D9-F987-AAE7-D5B8-24483043ABDC}.Release|Any CPU.Build.0 = Release|Any CPU
		{A26E01D9-F987-AAE7-D5B8-24483043ABDC}.Release|x64.ActiveCfg = Release|Any CPU
		{A26E01D9-F987-AAE7-D5B8-24483043ABDC}.Release|x64.Build.0 = Release|Any CPU
		{A26E01D9-F987-AAE7-D5B8-24483043ABDC}.Release|x86.ActiveCfg = Release|Any CPU
		{A26E01D9-F987-AAE7-D5B8-24483043ABDC}.Release|x86.Build.0 = Release|Any CPU
		{8F8267D4-C088-4DC1-87EE-532EF210C75D}.Debug|Any CPU.ActiveCfg = Debug|Any CPU
		{8F8267D4-C088-4DC1-87EE-532EF210C75D}.Debug|Any CPU.Build.0 = Debug|Any CPU
		{8F8267D4-C088-4DC1-87EE-532EF210C75D}.Debug|x64.ActiveCfg = Debug|Any CPU
		{8F8267D4-C088-4DC1-87EE-532EF210C75D}.Debug|x64.Build.0 = Debug|Any CPU
		{8F8267D4-C088-4DC1-87EE-532EF210C75D}.Debug|x86.ActiveCfg = Debug|Any CPU
		{8F8267D4-C088-4DC1-87EE-532EF210C75D}.Debug|x86.Build.0 = Debug|Any CPU
		{8F8267D4-C088-4DC1-87EE-532EF210C75D}.Release|Any CPU.ActiveCfg = Release|Any CPU
		{8F8267D4-C088-4DC1-87EE-532EF210C75D}.Release|Any CPU.Build.0 = Release|Any CPU
		{8F8267D4-C088-4DC1-87EE-532EF210C75D}.Release|x64.ActiveCfg = Release|Any CPU
		{8F8267D4-C088-4DC1-87EE-532EF210C75D}.Release|x64.Build.0 = Release|Any CPU
		{8F8267D4-C088-4DC1-87EE-532EF210C75D}.Release|x86.ActiveCfg = Release|Any CPU
		{8F8267D4-C088-4DC1-87EE-532EF210C75D}.Release|x86.Build.0 = Release|Any CPU
		{87DC8451-B1C1-47AF-84B6-2548435C6656}.Debug|Any CPU.ActiveCfg = Debug|Any CPU
		{87DC8451-B1C1-47AF-84B6-2548435C6656}.Debug|Any CPU.Build.0 = Debug|Any CPU
		{87DC8451-B1C1-47AF-84B6-2548435C6656}.Debug|x64.ActiveCfg = Debug|Any CPU
		{87DC8451-B1C1-47AF-84B6-2548435C6656}.Debug|x64.Build.0 = Debug|Any CPU
		{87DC8451-B1C1-47AF-84B6-2548435C6656}.Debug|x86.ActiveCfg = Debug|Any CPU
		{87DC8451-B1C1-47AF-84B6-2548435C6656}.Debug|x86.Build.0 = Debug|Any CPU
		{87DC8451-B1C1-47AF-84B6-2548435C6656}.Release|Any CPU.ActiveCfg = Release|Any CPU
		{87DC8451-B1C1-47AF-84B6-2548435C6656}.Release|Any CPU.Build.0 = Release|Any CPU
		{87DC8451-B1C1-47AF-84B6-2548435C6656}.Release|x64.ActiveCfg = Release|Any CPU
		{87DC8451-B1C1-47AF-84B6-2548435C6656}.Release|x64.Build.0 = Release|Any CPU
		{87DC8451-B1C1-47AF-84B6-2548435C6656}.Release|x86.ActiveCfg = Release|Any CPU
		{87DC8451-B1C1-47AF-84B6-2548435C6656}.Release|x86.Build.0 = Release|Any CPU
	EndGlobalSection
	GlobalSection(SolutionProperties) = preSolution
		HideSolutionNode = FALSE
	EndGlobalSection
	GlobalSection(ExtensibilityGlobals) = postSolution
		SolutionGuid = {0DA55EA4-6472-4137-9252-E11018B2E957}
	EndGlobalSection
EndGlobal
